
Microsoft Visual Studio Solution File, Format Version 11.00
# Visual Studio 2010
Project("{8BC9CEB8-8B4A-11D0-8D11-00A0C91BC942}") = "AstarLib_VS2010", "AstarLib_VS2010.vcxproj", "{546E8718-9F17-4FD1-BEAC-B94A979E2959}"
EndProject
Global
	GlobalSection(SolutionConfigurationPlatforms) = preSolution
		Debug|Win32 = Debug|Win32
		Release|Win32 = Release|Win32
	EndGlobalSection
	GlobalSection(ProjectConfigurationPlatforms) = postSolution
		{546E8718-9F17-4FD1-BEAC-B94A979E2959}.Debug|Win32.ActiveCfg = Debug|Win32
		{546E8718-9F17-4FD1-BEAC-B94A979E2959}.Debug|Win32.Build.0 = Debug|Win32
		{546E8718-9F17-4FD1-BEAC-B94A979E2959}.Release|Win32.ActiveCfg = Release|Win32
		{546E8718-9F17-4FD1-BEAC-B94A979E2959}.Release|Win32.Build.0 = Release|Win32
	EndGlobalSection
	GlobalSection(SolutionProperties) = preSolution
		HideSolutionNode = FALSE
	EndGlobalSection
EndGlobal
