<?xml version="1.0" encoding="utf-8"?>
<Project ToolsVersion="4.0" xmlns="http://schemas.microsoft.com/developer/msbuild/2003">
  <ItemGroup>
    <Filter Include="AStars">
      <UniqueIdentifier>{b8a99664-4d41-46f4-895b-20b00ec479a7}</UniqueIdentifier>
    </Filter>
    <Filter Include="Python">
      <UniqueIdentifier>{e2848250-eb5f-447e-8ae5-792889ebfdab}</UniqueIdentifier>
    </Filter>
    <Filter Include="AStarEx">
      <UniqueIdentifier>{ffb87b3e-2d68-48f9-b75f-6cd659467ae7}</UniqueIdentifier>
    </Filter>
  </ItemGroup>
  <ItemGroup>
    <ClCompile Include="..\AStars\AStar.cpp">
      <Filter>AStars</Filter>
    </ClCompile>
    <ClCompile Include="..\AStarEx\AstarEx.cpp">
      <Filter>AStarEx</Filter>
    </ClCompile>
    <ClCompile Include="..\Python\export.cpp">
      <Filter>Python</Filter>
    </ClCompile>
    <ClCompile Include="..\Python\export_astar.cpp">
      <Filter>Python</Filter>
    </ClCompile>
  </ItemGroup>
  <ItemGroup>
    <ClInclude Include="..\AStars\AStar.h">
      <Filter>AStars</Filter>
    </ClInclude>
    <ClInclude Include="..\AStarEx\Node.h">
      <Filter>AStarEx</Filter>
    </ClInclude>
    <ClInclude Include="..\AStarEx\AstarEx.h">
      <Filter>AStarEx</Filter>
    </ClInclude>
    <ClInclude Include="..\Python\config.h">
      <Filter>Python</Filter>
    </ClInclude>
    <ClInclude Include="..\Python\convertor.h">
      <Filter>Python</Filter>
    </ClInclude>
    <ClInclude Include="..\Python\export_astar.h">
      <Filter>Python</Filter>
    </ClInclude>
    <ClInclude Include="..\Python\common.h">
      <Filter>Python</Filter>
    </ClInclude>
  </ItemGroup>
</Project>